{
  "version": 4,
  "terraform_version": "1.4.2",
  "serial": 23,
  "lineage": "21958cd9-5e3a-4d49-f386-b34c325dee84",
  "outputs": {},
  "resources": [
    {
      "module": "module.custom-app-server",
      "mode": "managed",
      "type": "aws_instance",
      "name": "app_server",
      "provider": "module.custom-app-server.provider[\"registry.terraform.io/hashicorp/aws\"]",
      "instances": [
        {
          "schema_version": 1,
          "attributes": {
            "ami": "ami-05e8e219ac7e82eba",
            "arn": "arn:aws:ec2:eu-west-3:475893214891:instance/i-0634cb1a95fe4fc8f",
            "associate_public_ip_address": true,
            "availability_zone": "eu-west-3c",
            "capacity_reservation_specification": [
              {
                "capacity_reservation_preference": "open",
                "capacity_reservation_target": []
              }
            ],
            "cpu_core_count": 1,
            "cpu_threads_per_core": 1,
            "credit_specification": [
              {
                "cpu_credits": "standard"
              }
            ],
            "disable_api_stop": false,
            "disable_api_termination": false,
            "ebs_block_device": [],
            "ebs_optimized": false,
            "enclave_options": [
              {
                "enabled": false
              }
            ],
            "ephemeral_block_device": [],
            "get_password_data": false,
            "hibernation": false,
            "host_id": "",
            "host_resource_group_arn": null,
            "iam_instance_profile": "",
            "id": "i-0634cb1a95fe4fc8f",
            "instance_initiated_shutdown_behavior": "stop",
            "instance_state": "running",
            "instance_type": "t2.micro",
            "ipv6_address_count": 0,
            "ipv6_addresses": [],
            "key_name": "",
            "launch_template": [],
            "maintenance_options": [
              {
                "auto_recovery": "default"
              }
            ],
            "metadata_options": [
              {
                "http_endpoint": "enabled",
                "http_put_response_hop_limit": 1,
                "http_tokens": "optional",
                "instance_metadata_tags": "disabled"
              }
            ],
            "monitoring": false,
            "network_interface": [],
            "outpost_arn": "",
            "password_data": "",
            "placement_group": "",
            "placement_partition_number": 0,
            "primary_network_interface_id": "eni-05ae2b8f8403d8f82",
            "private_dns": "ip-172-31-43-20.eu-west-3.compute.internal",
            "private_dns_name_options": [
              {
                "enable_resource_name_dns_a_record": false,
                "enable_resource_name_dns_aaaa_record": false,
                "hostname_type": "ip-name"
              }
            ],
            "private_ip": "172.31.43.20",
            "public_dns": "ec2-52-47-182-89.eu-west-3.compute.amazonaws.com",
            "public_ip": "52.47.182.89",
            "root_block_device": [
              {
                "delete_on_termination": true,
                "device_name": "/dev/sda1",
                "encrypted": false,
                "iops": 100,
                "kms_key_id": "",
                "tags": {},
                "throughput": 0,
                "volume_id": "vol-0cfd6147f707d5b5c",
                "volume_size": 8,
                "volume_type": "gp2"
              }
            ],
            "secondary_private_ips": [],
            "security_groups": [
              "default"
            ],
            "source_dest_check": true,
            "subnet_id": "subnet-003abb1e8c413d346",
            "tags": {},
            "tags_all": {},
            "tenancy": "default",
            "timeouts": null,
            "user_data": null,
            "user_data_base64": null,
            "user_data_replace_on_change": false,
            "volume_tags": null,
            "vpc_security_group_ids": [
              "sg-06206a4eb1718cac4"
            ]
          },
          "sensitive_attributes": [],
          "private": "eyJlMmJmYjczMC1lY2FhLTExZTYtOGY4OC0zNDM2M2JjN2M0YzAiOnsiY3JlYXRlIjo2MDAwMDAwMDAwMDAsImRlbGV0ZSI6MTIwMDAwMDAwMDAwMCwidXBkYXRlIjo2MDAwMDAwMDAwMDB9LCJzY2hlbWFfdmVyc2lvbiI6IjEifQ=="
        }
      ]
    },
    {
      "module": "module.custom-app-server",
      "mode": "managed",
      "type": "aws_internet_gateway",
      "name": "app_internet_gateway",
      "provider": "module.custom-app-server.provider[\"registry.terraform.io/hashicorp/aws\"]",
      "instances": [
        {
          "schema_version": 0,
          "attributes": {
            "arn": "arn:aws:ec2:eu-west-3:475893214891:internet-gateway/igw-03377359864a7764e",
            "id": "igw-03377359864a7764e",
            "owner_id": "475893214891",
            "tags": {
              "Name": "app-igw"
            },
            "tags_all": {
              "Name": "app-igw"
            },
            "timeouts": null,
            "vpc_id": "vpc-01fd34790a7004ce4"
          },
          "sensitive_attributes": [],
          "private": "eyJlMmJmYjczMC1lY2FhLTExZTYtOGY4OC0zNDM2M2JjN2M0YzAiOnsiY3JlYXRlIjoxMjAwMDAwMDAwMDAwLCJkZWxldGUiOjEyMDAwMDAwMDAwMDAsInVwZGF0ZSI6MTIwMDAwMDAwMDAwMH19",
          "dependencies": [
            "module.custom-app-server.aws_vpc.app_vpc"
          ]
        }
      ]
    },
    {
      "module": "module.custom-app-server",
      "mode": "managed",
      "type": "aws_internet_gateway_attachment",
      "name": "igw_vpc_attach",
      "provider": "module.custom-app-server.provider[\"registry.terraform.io/hashicorp/aws\"]",
      "instances": []
    },
    {
      "module": "module.custom-app-server",
      "mode": "managed",
      "type": "aws_vpc",
      "name": "app_vpc",
      "provider": "module.custom-app-server.provider[\"registry.terraform.io/hashicorp/aws\"]",
      "instances": [
        {
          "schema_version": 1,
          "attributes": {
            "arn": "arn:aws:ec2:eu-west-3:475893214891:vpc/vpc-01fd34790a7004ce4",
            "assign_generated_ipv6_cidr_block": false,
            "cidr_block": "50.10.1.0/24",
            "default_network_acl_id": "acl-0ace501bc8aeb1fb2",
            "default_route_table_id": "rtb-011bd866e6aea216c",
            "default_security_group_id": "sg-0cca988950bca76a0",
            "dhcp_options_id": "dopt-061900c3c418c4747",
            "enable_classiclink": false,
            "enable_classiclink_dns_support": false,
            "enable_dns_hostnames": false,
            "enable_dns_support": true,
            "enable_network_address_usage_metrics": false,
            "id": "vpc-01fd34790a7004ce4",
            "instance_tenancy": "default",
            "ipv4_ipam_pool_id": null,
            "ipv4_netmask_length": null,
            "ipv6_association_id": "",
            "ipv6_cidr_block": "",
            "ipv6_cidr_block_network_border_group": "",
            "ipv6_ipam_pool_id": "",
            "ipv6_netmask_length": 0,
            "main_route_table_id": "rtb-011bd866e6aea216c",
            "owner_id": "475893214891",
            "tags": {
              "Name": "app-vpc"
            },
            "tags_all": {
              "Name": "app-vpc"
            }
          },
          "sensitive_attributes": [],
          "private": "eyJzY2hlbWFfdmVyc2lvbiI6IjEifQ=="
        }
      ]
    }
  ],
  "check_results": null
}
